
Microsoft Visual Studio Solution File, Format Version 12.00
# Visual Studio Version 16
VisualStudioVersion = 16.0.30011.22
MinimumVisualStudioVersion = 10.0.40219.1
Project("{2150E333-8FDC-42A3-9474-1A3956D46DE8}") = "0-Presentation", "0-Presentation", "{08BEDFE8-CEEB-40FE-8F12-7BEFC98EC689}"
EndProject
Project("{2150E333-8FDC-42A3-9474-1A3956D46DE8}") = "1-Services", "1-Services", "{66C50EE2-1E07-4A31-8756-B746A8EB0E99}"
EndProject
Project("{2150E333-8FDC-42A3-9474-1A3956D46DE8}") = "2-Application", "2-Application", "{24B8FE7D-0BEA-4F53-BCDB-F73549D49300}"
EndProject
Project("{2150E333-8FDC-42A3-9474-1A3956D46DE8}") = "3-Domain", "3-Domain", "{CB37E67D-3952-473B-A37B-BD01E738465A}"
EndProject
Project("{2150E333-8FDC-42A3-9474-1A3956D46DE8}") = "4-Infra", "4-Infra", "{5D002BE4-5BC0-41B8-81F4-59F88E19881A}"
EndProject
Project("{2150E333-8FDC-42A3-9474-1A3956D46DE8}") = "4.1-Data", "4.1-Data", "{CA640F35-4D95-41F0-A07A-D705AB5CEFC0}"
EndProject
Project("{2150E333-8FDC-42A3-9474-1A3956D46DE8}") = "4.2-CrossCutting", "4.2-CrossCutting", "{BA8985A8-F5E9-4911-B9FA-56F29565ED42}"
EndProject
Project("{9A19103F-16F7-4668-BE54-9A1E7A4F7556}") = "DEMO_DDD_API", "DEMO_DDD_API\DEMO_DDD_API.csproj", "{F6925AA3-F27F-4317-972C-A7D03FEBAE04}"
EndProject
Project("{9A19103F-16F7-4668-BE54-9A1E7A4F7556}") = "DEMO_DDD.DOMAIN", "DEMO_DDD.DOMAIN\DEMO_DDD.DOMAIN.csproj", "{9A877E60-DE7F-46F3-AE0A-39417A05F45A}"
EndProject
Project("{9A19103F-16F7-4668-BE54-9A1E7A4F7556}") = "DEMO_DDD.INFRA.DATA", "DEMO_DDD.INFRA.DATA\DEMO_DDD.INFRA.DATA.csproj", "{1D3E8811-DA31-4DF5-814B-1F957EC69967}"
	ProjectSection(ProjectDependencies) = postProject
		{9A877E60-DE7F-46F3-AE0A-39417A05F45A} = {9A877E60-DE7F-46F3-AE0A-39417A05F45A}
	EndProjectSection
EndProject
Project("{9A19103F-16F7-4668-BE54-9A1E7A4F7556}") = "DEMO_DDD.APPLICATION", "DEMO_DDD.APPLICATION\DEMO_DDD.APPLICATION.csproj", "{24F719BF-2BAF-4E0B-A28E-0B43A88DD857}"
EndProject
Project("{9A19103F-16F7-4668-BE54-9A1E7A4F7556}") = "IOC", "IOC\IOC.csproj", "{3D636750-7D14-4BFC-BB96-A54E185B727D}"
EndProject
Global
	GlobalSection(SolutionConfigurationPlatforms) = preSolution
		Debug|Any CPU = Debug|Any CPU
		Release|Any CPU = Release|Any CPU
	EndGlobalSection
	GlobalSection(ProjectConfigurationPlatforms) = postSolution
		{F6925AA3-F27F-4317-972C-A7D03FEBAE04}.Debug|Any CPU.ActiveCfg = Debug|Any CPU
		{F6925AA3-F27F-4317-972C-A7D03FEBAE04}.Debug|Any CPU.Build.0 = Debug|Any CPU
		{F6925AA3-F27F-4317-972C-A7D03FEBAE04}.Release|Any CPU.ActiveCfg = Release|Any CPU
		{F6925AA3-F27F-4317-972C-A7D03FEBAE04}.Release|Any CPU.Build.0 = Release|Any CPU
		{9A877E60-DE7F-46F3-AE0A-39417A05F45A}.Debug|Any CPU.ActiveCfg = Debug|Any CPU
		{9A877E60-DE7F-46F3-AE0A-39417A05F45A}.Debug|Any CPU.Build.0 = Debug|Any CPU
		{9A877E60-DE7F-46F3-AE0A-39417A05F45A}.Release|Any CPU.ActiveCfg = Release|Any CPU
		{9A877E60-DE7F-46F3-AE0A-39417A05F45A}.Release|Any CPU.Build.0 = Release|Any CPU
		{1D3E8811-DA31-4DF5-814B-1F957EC69967}.Debug|Any CPU.ActiveCfg = Debug|Any CPU
		{1D3E8811-DA31-4DF5-814B-1F957EC69967}.Debug|Any CPU.Build.0 = Debug|Any CPU
		{1D3E8811-DA31-4DF5-814B-1F957EC69967}.Release|Any CPU.ActiveCfg = Release|Any CPU
		{1D3E8811-DA31-4DF5-814B-1F957EC69967}.Release|Any CPU.Build.0 = Release|Any CPU
		{24F719BF-2BAF-4E0B-A28E-0B43A88DD857}.Debug|Any CPU.ActiveCfg = Debug|Any CPU
		{24F719BF-2BAF-4E0B-A28E-0B43A88DD857}.Debug|Any CPU.Build.0 = Debug|Any CPU
		{24F719BF-2BAF-4E0B-A28E-0B43A88DD857}.Release|Any CPU.ActiveCfg = Release|Any CPU
		{24F719BF-2BAF-4E0B-A28E-0B43A88DD857}.Release|Any CPU.Build.0 = Release|Any CPU
		{3D636750-7D14-4BFC-BB96-A54E185B727D}.Debug|Any CPU.ActiveCfg = Debug|Any CPU
		{3D636750-7D14-4BFC-BB96-A54E185B727D}.Debug|Any CPU.Build.0 = Debug|Any CPU
		{3D636750-7D14-4BFC-BB96-A54E185B727D}.Release|Any CPU.ActiveCfg = Release|Any CPU
		{3D636750-7D14-4BFC-BB96-A54E185B727D}.Release|Any CPU.Build.0 = Release|Any CPU
	EndGlobalSection
	GlobalSection(SolutionProperties) = preSolution
		HideSolutionNode = FALSE
	EndGlobalSection
	GlobalSection(NestedProjects) = preSolution
		{CA640F35-4D95-41F0-A07A-D705AB5CEFC0} = {5D002BE4-5BC0-41B8-81F4-59F88E19881A}
		{BA8985A8-F5E9-4911-B9FA-56F29565ED42} = {5D002BE4-5BC0-41B8-81F4-59F88E19881A}
		{F6925AA3-F27F-4317-972C-A7D03FEBAE04} = {08BEDFE8-CEEB-40FE-8F12-7BEFC98EC689}
		{9A877E60-DE7F-46F3-AE0A-39417A05F45A} = {CB37E67D-3952-473B-A37B-BD01E738465A}
		{1D3E8811-DA31-4DF5-814B-1F957EC69967} = {CA640F35-4D95-41F0-A07A-D705AB5CEFC0}
		{24F719BF-2BAF-4E0B-A28E-0B43A88DD857} = {24B8FE7D-0BEA-4F53-BCDB-F73549D49300}
		{3D636750-7D14-4BFC-BB96-A54E185B727D} = {BA8985A8-F5E9-4911-B9FA-56F29565ED42}
	EndGlobalSection
	GlobalSection(ExtensibilityGlobals) = postSolution
		SolutionGuid = {525D0868-E8F8-4BA3-9E55-0683B5F4C5E7}
	EndGlobalSection
EndGlobal
