
Microsoft Visual Studio Solution File, Format Version 12.00
# Visual Studio Version 16
VisualStudioVersion = 16.0.30011.22
MinimumVisualStudioVersion = 10.0.40219.1
Project("{FAE04EC0-301F-11D3-BF4B-00C04F79EFBC}") = "AuthAutho", "AuthAutho\AuthAutho.csproj", "{93A6004F-6E56-4127-A773-18E014B109D9}"
EndProject
Global
	GlobalSection(SolutionConfigurationPlatforms) = preSolution
		Debug|Any CPU = Debug|Any CPU
		Release|Any CPU = Release|Any CPU
	EndGlobalSection
	GlobalSection(ProjectConfigurationPlatforms) = postSolution
		{93A6004F-6E56-4127-A773-18E014B109D9}.Debug|Any CPU.ActiveCfg = Debug|Any CPU
		{93A6004F-6E56-4127-A773-18E014B109D9}.Debug|Any CPU.Build.0 = Debug|Any CPU
		{93A6004F-6E56-4127-A773-18E014B109D9}.Release|Any CPU.ActiveCfg = Release|Any CPU
		{93A6004F-6E56-4127-A773-18E014B109D9}.Release|Any CPU.Build.0 = Release|Any CPU
	EndGlobalSection
	GlobalSection(SolutionProperties) = preSolution
		HideSolutionNode = FALSE
	EndGlobalSection
	GlobalSection(ExtensibilityGlobals) = postSolution
		SolutionGuid = {909EC1B1-8A2E-4B92-BDBF-5DDC27DC1122}
	EndGlobalSection
EndGlobal
