
Microsoft Visual Studio Solution File, Format Version 12.00
# Visual Studio Version 16
VisualStudioVersion = 16.0.30011.22
MinimumVisualStudioVersion = 10.0.40219.1
Project("{FAE04EC0-301F-11D3-BF4B-00C04F79EFBC}") = "Formularios", "Formularios\Formularios.csproj", "{0246B092-9733-4930-84A9-093A718C3860}"
EndProject
Global
	GlobalSection(SolutionConfigurationPlatforms) = preSolution
		Debug|Any CPU = Debug|Any CPU
		Release|Any CPU = Release|Any CPU
	EndGlobalSection
	GlobalSection(ProjectConfigurationPlatforms) = postSolution
		{0246B092-9733-4930-84A9-093A718C3860}.Debug|Any CPU.ActiveCfg = Debug|Any CPU
		{0246B092-9733-4930-84A9-093A718C3860}.Debug|Any CPU.Build.0 = Debug|Any CPU
		{0246B092-9733-4930-84A9-093A718C3860}.Release|Any CPU.ActiveCfg = Release|Any CPU
		{0246B092-9733-4930-84A9-093A718C3860}.Release|Any CPU.Build.0 = Release|Any CPU
	EndGlobalSection
	GlobalSection(SolutionProperties) = preSolution
		HideSolutionNode = FALSE
	EndGlobalSection
	GlobalSection(ExtensibilityGlobals) = postSolution
		SolutionGuid = {A4B2A021-6EF2-4F2F-A932-0E7C3BF55B19}
	EndGlobalSection
EndGlobal
